// !$*UTF8*$!
{
	archiveVersion = 1;
	classes = {
	};
	objectVersion = 50;
	objects = {

/* Begin PBXBuildFile section */
		ACAC424C258542F400CB43C1 /* lesBasiquesApp.swift in Sources */ = {isa = PBXBuildFile; fileRef = ACAC4239258542F000CB43C1 /* lesBasiquesApp.swift */; };
		ACAC424D258542F400CB43C1 /* lesBasiquesApp.swift in Sources */ = {isa = PBXBuildFile; fileRef = ACAC4239258542F000CB43C1 /* lesBasiquesApp.swift */; };
		ACAC424E258542F400CB43C1 /* ContentView.swift in Sources */ = {isa = PBXBuildFile; fileRef = ACAC423A258542F000CB43C1 /* ContentView.swift */; };
		ACAC424F258542F400CB43C1 /* ContentView.swift in Sources */ = {isa = PBXBuildFile; fileRef = ACAC423A258542F000CB43C1 /* ContentView.swift */; };
		ACAC4250258542F400CB43C1 /* Assets.xcassets in Resources */ = {isa = PBXBuildFile; fileRef = ACAC423B258542F400CB43C1 /* Assets.xcassets */; };
		ACAC4251258542F400CB43C1 /* Assets.xcassets in Resources */ = {isa = PBXBuildFile; fileRef = ACAC423B258542F400CB43C1 /* Assets.xcassets */; };
/* End PBXBuildFile section */

/* Begin PBXFileReference section */
		ACAC4239258542F000CB43C1 /* lesBasiquesApp.swift */ = {isa = PBXFileReference; lastKnownFileType = sourcecode.swift; path = lesBasiquesApp.swift; sourceTree = "<group>"; };
		ACAC423A258542F000CB43C1 /* ContentView.swift */ = {isa = PBXFileReference; lastKnownFileType = sourcecode.swift; path = ContentView.swift; sourceTree = "<group>"; };
		ACAC423B258542F400CB43C1 /* Assets.xcassets */ = {isa = PBXFileReference; lastKnownFileType = folder.assetcatalog; path = Assets.xcassets; sourceTree = "<group>"; };
		ACAC4240258542F400CB43C1 /* lesBasiques.app */ = {isa = PBXFileReference; explicitFileType = wrapper.application; includeInIndex = 0; path = lesBasiques.app; sourceTree = BUILT_PRODUCTS_DIR; };
		ACAC4243258542F400CB43C1 /* Info.plist */ = {isa = PBXFileReference; lastKnownFileType = text.plist.xml; path = Info.plist; sourceTree = "<group>"; };
		ACAC4248258542F400CB43C1 /* lesBasiques.app */ = {isa = PBXFileReference; explicitFileType = wrapper.application; includeInIndex = 0; path = lesBasiques.app; sourceTree = BUILT_PRODUCTS_DIR; };
		ACAC424A258542F400CB43C1 /* Info.plist */ = {isa = PBXFileReference; lastKnownFileType = text.plist.xml; path = Info.plist; sourceTree = "<group>"; };
		ACAC424B258542F400CB43C1 /* macOS.entitlements */ = {isa = PBXFileReference; lastKnownFileType = text.plist.entitlements; path = macOS.entitlements; sourceTree = "<group>"; };
/* End PBXFileReference section */

/* Begin PBXFrameworksBuildPhase section */
		ACAC423D258542F400CB43C1 /* Frameworks */ = {
			isa = PBXFrameworksBuildPhase;
			buildActionMask = 2147483647;
			files = (
			);
			runOnlyForDeploymentPostprocessing = 0;
		};
		ACAC4245258542F400CB43C1 /* Frameworks */ = {
			isa = PBXFrameworksBuildPhase;
			buildActionMask = 2147483647;
			files = (
			);
			runOnlyForDeploymentPostprocessing = 0;
		};
/* End PBXFrameworksBuildPhase section */

/* Begin PBXGroup section */
		ACAC4233258542F000CB43C1 = {
			isa = PBXGroup;
			children = (
				ACAC4238258542F000CB43C1 /* Shared */,
				ACAC4242258542F400CB43C1 /* iOS */,
				ACAC4249258542F400CB43C1 /* macOS */,
				ACAC4241258542F400CB43C1 /* Products */,
			);
			sourceTree = "<group>";
		};
		ACAC4238258542F000CB43C1 /* Shared */ = {
			isa = PBXGroup;
			children = (
				ACAC4239258542F000CB43C1 /* lesBasiquesApp.swift */,
				ACAC423A258542F000CB43C1 /* ContentView.swift */,
				ACAC423B258542F400CB43C1 /* Assets.xcassets */,
			);
			path = Shared;
			sourceTree = "<group>";
		};
		ACAC4241258542F400CB43C1 /* Products */ = {
			isa = PBXGroup;
			children = (
				ACAC4240258542F400CB43C1 /* lesBasiques.app */,
				ACAC4248258542F400CB43C1 /* lesBasiques.app */,
			);
			name = Products;
			sourceTree = "<group>";
		};
		ACAC4242258542F400CB43C1 /* iOS */ = {
			isa = PBXGroup;
			children = (
				ACAC4243258542F400CB43C1 /* Info.plist */,
			);
			path = iOS;
			sourceTree = "<group>";
		};
		ACAC4249258542F400CB43C1 /* macOS */ = {
			isa = PBXGroup;
			children = (
				ACAC424A258542F400CB43C1 /* Info.plist */,
				ACAC424B258542F400CB43C1 /* macOS.entitlements */,
			);
			path = macOS;
			sourceTree = "<group>";
		};
/* End PBXGroup section */

/* Begin PBXNativeTarget section */
		ACAC423F258542F400CB43C1 /* lesBasiques (iOS) */ = {
			isa = PBXNativeTarget;
			buildConfigurationList = ACAC4254258542F400CB43C1 /* Build configuration list for PBXNativeTarget "lesBasiques (iOS)" */;
			buildPhases = (
				ACAC423C258542F400CB43C1 /* Sources */,
				ACAC423D258542F400CB43C1 /* Frameworks */,
				ACAC423E258542F400CB43C1 /* Resources */,
			);
			buildRules = (
			);
			dependencies = (
			);
			name = "lesBasiques (iOS)";
			productName = "lesBasiques (iOS)";
			productReference = ACAC4240258542F400CB43C1 /* lesBasiques.app */;
			productType = "com.apple.product-type.application";
		};
		ACAC4247258542F400CB43C1 /* lesBasiques (macOS) */ = {
			isa = PBXNativeTarget;
			buildConfigurationList = ACAC4257258542F400CB43C1 /* Build configuration list for PBXNativeTarget "lesBasiques (macOS)" */;
			buildPhases = (
				ACAC4244258542F400CB43C1 /* Sources */,
				ACAC4245258542F400CB43C1 /* Frameworks */,
				ACAC4246258542F400CB43C1 /* Resources */,
			);
			buildRules = (
			);
			dependencies = (
			);
			name = "lesBasiques (macOS)";
			productName = "lesBasiques (macOS)";
			productReference = ACAC4248258542F400CB43C1 /* lesBasiques.app */;
			productType = "com.apple.product-type.application";
		};
/* End PBXNativeTarget section */

/* Begin PBXProject section */
		ACAC4234258542F000CB43C1 /* Project object */ = {
			isa = PBXProject;
			attributes = {
				LastSwiftUpdateCheck = 1220;
				LastUpgradeCheck = 1220;
				TargetAttributes = {
					ACAC423F258542F400CB43C1 = {
						CreatedOnToolsVersion = 12.2;
					};
					ACAC4247258542F400CB43C1 = {
						CreatedOnToolsVersion = 12.2;
					};
				};
			};
			buildConfigurationList = ACAC4237258542F000CB43C1 /* Build configuration list for PBXProject "lesBasiques" */;
			compatibilityVersion = "Xcode 9.3";
			developmentRegion = en;
			hasScannedForEncodings = 0;
			knownRegions = (
				en,
				Base,
			);
			mainGroup = ACAC4233258542F000CB43C1;
			productRefGroup = ACAC4241258542F400CB43C1 /* Products */;
			projectDirPath = "";
			projectRoot = "";
			targets = (
				ACAC423F258542F400CB43C1 /* lesBasiques (iOS) */,
				ACAC4247258542F400CB43C1 /* lesBasiques (macOS) */,
			);
		};
/* End PBXProject section */

/* Begin PBXResourcesBuildPhase section */
		ACAC423E258542F400CB43C1 /* Resources */ = {
			isa = PBXResourcesBuildPhase;
			buildActionMask = 2147483647;
			files = (
				ACAC4250258542F400CB43C1 /* Assets.xcassets in Resources */,
			);
			runOnlyForDeploymentPostprocessing = 0;
		};
		ACAC4246258542F400CB43C1 /* Resources */ = {
			isa = PBXResourcesBuildPhase;
			buildActionMask = 2147483647;
			files = (
				ACAC4251258542F400CB43C1 /* Assets.xcassets in Resources */,
			);
			runOnlyForDeploymentPostprocessing = 0;
		};
/* End PBXResourcesBuildPhase section */

/* Begin PBXSourcesBuildPhase section */
		ACAC423C258542F400CB43C1 /* Sources */ = {
			isa = PBXSourcesBuildPhase;
			buildActionMask = 2147483647;
			files = (
				ACAC424E258542F400CB43C1 /* ContentView.swift in Sources */,
				ACAC424C258542F400CB43C1 /* lesBasiquesApp.swift in Sources */,
			);
			runOnlyForDeploymentPostprocessing = 0;
		};
		ACAC4244258542F400CB43C1 /* Sources */ = {
			isa = PBXSourcesBuildPhase;
			buildActionMask = 2147483647;
			files = (
				ACAC424F258542F400CB43C1 /* ContentView.swift in Sources */,
				ACAC424D258542F400CB43C1 /* lesBasiquesApp.swift in Sources */,
			);
			runOnlyForDeploymentPostprocessing = 0;
		};
/* End PBXSourcesBuildPhase section */

/* Begin XCBuildConfiguration section */
		ACAC4252258542F400CB43C1 /* Debug */ = {
			isa = XCBuildConfiguration;
			buildSettings = {
				ALWAYS_SEARCH_USER_PATHS = NO;
				CLANG_ANALYZER_NONNULL = YES;
				CLANG_ANALYZER_NUMBER_OBJECT_CONVERSION = YES_AGGRESSIVE;
				CLANG_CXX_LANGUAGE_STANDARD = "gnu++14";
				CLANG_CXX_LIBRARY = "libc++";
				CLANG_ENABLE_MODULES = YES;
				CLANG_ENABLE_OBJC_ARC = YES;
				CLANG_ENABLE_OBJC_WEAK = YES;
				CLANG_WARN_BLOCK_CAPTURE_AUTORELEASING = YES;
				CLANG_WARN_BOOL_CONVERSION = YES;
				CLANG_WARN_COMMA = YES;
				CLANG_WARN_CONSTANT_CONVERSION = YES;
				CLANG_WARN_DEPRECATED_OBJC_IMPLEMENTATIONS = YES;
				CLANG_WARN_DIRECT_OBJC_ISA_USAGE = YES_ERROR;
				CLANG_WARN_DOCUMENTATION_COMMENTS = YES;
				CLANG_WARN_EMPTY_BODY = YES;
				CLANG_WARN_ENUM_CONVERSION = YES;
				CLANG_WARN_INFINITE_RECURSION = YES;
				CLANG_WARN_INT_CONVERSION = YES;
				CLANG_WARN_NON_LITERAL_NULL_CONVERSION = YES;
				CLANG_WARN_OBJC_IMPLICIT_RETAIN_SELF = YES;
				CLANG_WARN_OBJC_LITERAL_CONVERSION = YES;
				CLANG_WARN_OBJC_ROOT_CLASS = YES_ERROR;
				CLANG_WARN_QUOTED_INCLUDE_IN_FRAMEWORK_HEADER = YES;
				CLANG_WARN_RANGE_LOOP_ANALYSIS = YES;
				CLANG_WARN_STRICT_PROTOTYPES = YES;
				CLANG_WARN_SUSPICIOUS_MOVE = YES;
				CLANG_WARN_UNGUARDED_AVAILABILITY = YES_AGGRESSIVE;
				CLANG_WARN_UNREACHABLE_CODE = YES;
				CLANG_WARN__DUPLICATE_METHOD_MATCH = YES;
				COPY_PHASE_STRIP = NO;
				DEBUG_INFORMATION_FORMAT = dwarf;
				ENABLE_STRICT_OBJC_MSGSEND = YES;
				ENABLE_TESTABILITY = YES;
				GCC_C_LANGUAGE_STANDARD = gnu11;
				GCC_DYNAMIC_NO_PIC = NO;
				GCC_NO_COMMON_BLOCKS = YES;
				GCC_OPTIMIZATION_LEVEL = 0;
				GCC_PREPROCESSOR_DEFINITIONS = (
					"DEBUG=1",
					"$(inherited)",
				);
				GCC_WARN_64_TO_32_BIT_CONVERSION = YES;
				GCC_WARN_ABOUT_RETURN_TYPE = YES_ERROR;
				GCC_WARN_UNDECLARED_SELECTOR = YES;
				GCC_WARN_UNINITIALIZED_AUTOS = YES_AGGRESSIVE;
				GCC_WARN_UNUSED_FUNCTION = YES;
				GCC_WARN_UNUSED_VARIABLE = YES;
				MTL_ENABLE_DEBUG_INFO = INCLUDE_SOURCE;
				MTL_FAST_MATH = YES;
				ONLY_ACTIVE_ARCH = YES;
				SWIFT_ACTIVE_COMPILATION_CONDITIONS = DEBUG;
				SWIFT_OPTIMIZATION_LEVEL = "-Onone";
			};
			name = Debug;
		};
		ACAC4253258542F400CB43C1 /* Release */ = {
			isa = XCBuildConfiguration;
			buildSettings = {
				ALWAYS_SEARCH_USER_PATHS = NO;
				CLANG_ANALYZER_NONNULL = YES;
				CLANG_ANALYZER_NUMBER_OBJECT_CONVERSION = YES_AGGRESSIVE;
				CLANG_CXX_LANGUAGE_STANDARD = "gnu++14";
				CLANG_CXX_LIBRARY = "libc++";
				CLANG_ENABLE_MODULES = YES;
				CLANG_ENABLE_OBJC_ARC = YES;
				CLANG_ENABLE_OBJC_WEAK = YES;
				CLANG_WARN_BLOCK_CAPTURE_AUTORELEASING = YES;
				CLANG_WARN_BOOL_CONVERSION = YES;
				CLANG_WARN_COMMA = YES;
				CLANG_WARN_CONSTANT_CONVERSION = YES;
				CLANG_WARN_DEPRECATED_OBJC_IMPLEMENTATIONS = YES;
				CLANG_WARN_DIRECT_OBJC_ISA_USAGE = YES_ERROR;
				CLANG_WARN_DOCUMENTATION_COMMENTS = YES;
				CLANG_WARN_EMPTY_BODY = YES;
				CLANG_WARN_ENUM_CONVERSION = YES;
				CLANG_WARN_INFINITE_RECURSION = YES;
				CLANG_WARN_INT_CONVERSION = YES;
				CLANG_WARN_NON_LITERAL_NULL_CONVERSION = YES;
				CLANG_WARN_OBJC_IMPLICIT_RETAIN_SELF = YES;
				CLANG_WARN_OBJC_LITERAL_CONVERSION = YES;
				CLANG_WARN_OBJC_ROOT_CLASS = YES_ERROR;
				CLANG_WARN_QUOTED_INCLUDE_IN_FRAMEWORK_HEADER = YES;
				CLANG_WARN_RANGE_LOOP_ANALYSIS = YES;
				CLANG_WARN_STRICT_PROTOTYPES = YES;
				CLANG_WARN_SUSPICIOUS_MOVE = YES;
				CLANG_WARN_UNGUARDED_AVAILABILITY = YES_AGGRESSIVE;
				CLANG_WARN_UNREACHABLE_CODE = YES;
				CLANG_WARN__DUPLICATE_METHOD_MATCH = YES;
				COPY_PHASE_STRIP = NO;
				DEBUG_INFORMATION_FORMAT = "dwarf-with-dsym";
				ENABLE_NS_ASSERTIONS = NO;
				ENABLE_STRICT_OBJC_MSGSEND = YES;
				GCC_C_LANGUAGE_STANDARD = gnu11;
				GCC_NO_COMMON_BLOCKS = YES;
				GCC_WARN_64_TO_32_BIT_CONVERSION = YES;
				GCC_WARN_ABOUT_RETURN_TYPE = YES_ERROR;
				GCC_WARN_UNDECLARED_SELECTOR = YES;
				GCC_WARN_UNINITIALIZED_AUTOS = YES_AGGRESSIVE;
				GCC_WARN_UNUSED_FUNCTION = YES;
				GCC_WARN_UNUSED_VARIABLE = YES;
				MTL_ENABLE_DEBUG_INFO = NO;
				MTL_FAST_MATH = YES;
				SWIFT_COMPILATION_MODE = wholemodule;
				SWIFT_OPTIMIZATION_LEVEL = "-O";
			};
			name = Release;
		};
		ACAC4255258542F400CB43C1 /* Debug */ = {
			isa = XCBuildConfiguration;
			buildSettings = {
				ASSETCATALOG_COMPILER_APPICON_NAME = AppIcon;
				ASSETCATALOG_COMPILER_GLOBAL_ACCENT_COLOR_NAME = AccentColor;
				CODE_SIGN_STYLE = Automatic;
				DEVELOPMENT_TEAM = U43D64A3HX;
				ENABLE_PREVIEWS = YES;
				INFOPLIST_FILE = iOS/Info.plist;
				IPHONEOS_DEPLOYMENT_TARGET = 14.0;
				LD_RUNPATH_SEARCH_PATHS = (
					"$(inherited)",
					"@executable_path/Frameworks",
				);
				PRODUCT_BUNDLE_IDENTIFIER = "fr.stud-ios.lesBasiques";
				PRODUCT_NAME = lesBasiques;
				SDKROOT = iphoneos;
				SWIFT_VERSION = 5.0;
				TARGETED_DEVICE_FAMILY = "1,2";
			};
			name = Debug;
		};
		ACAC4256258542F400CB43C1 /* Release */ = {
			isa = XCBuildConfiguration;
			buildSettings = {
				ASSETCATALOG_COMPILER_APPICON_NAME = AppIcon;
				ASSETCATALOG_COMPILER_GLOBAL_ACCENT_COLOR_NAME = AccentColor;
				CODE_SIGN_STYLE = Automatic;
				DEVELOPMENT_TEAM = U43D64A3HX;
				ENABLE_PREVIEWS = YES;
				INFOPLIST_FILE = iOS/Info.plist;
				IPHONEOS_DEPLOYMENT_TARGET = 14.0;
				LD_RUNPATH_SEARCH_PATHS = (
					"$(inherited)",
					"@executable_path/Frameworks",
				);
				PRODUCT_BUNDLE_IDENTIFIER = "fr.stud-ios.lesBasiques";
				PRODUCT_NAME = lesBasiques;
				SDKROOT = iphoneos;
				SWIFT_VERSION = 5.0;
				TARGETED_DEVICE_FAMILY = "1,2";
				VALIDATE_PRODUCT = YES;
			};
			name = Release;
		};
		ACAC4258258542F400CB43C1 /* Debug */ = {
			isa = XCBuildConfiguration;
			buildSettings = {
				ASSETCATALOG_COMPILER_APPICON_NAME = AppIcon;
				ASSETCATALOG_COMPILER_GLOBAL_ACCENT_COLOR_NAME = AccentColor;
				CODE_SIGN_ENTITLEMENTS = macOS/macOS.entitlements;
				CODE_SIGN_STYLE = Automatic;
				COMBINE_HIDPI_IMAGES = YES;
				DEVELOPMENT_TEAM = U43D64A3HX;
				ENABLE_HARDENED_RUNTIME = YES;
				ENABLE_PREVIEWS = YES;
				INFOPLIST_FILE = macOS/Info.plist;
				LD_RUNPATH_SEARCH_PATHS = (
					"$(inherited)",
					"@executable_path/../Frameworks",
				);
				MACOSX_DEPLOYMENT_TARGET = 11.0;
				PRODUCT_BUNDLE_IDENTIFIER = "fr.stud-ios.lesBasiques";
				PRODUCT_NAME = lesBasiques;
				SDKROOT = macosx;
				SWIFT_VERSION = 5.0;
			};
			name = Debug;
		};
		ACAC4259258542F400CB43C1 /* Release */ = {
			isa = XCBuildConfiguration;
			buildSettings = {
				ASSETCATALOG_COMPILER_APPICON_NAME = AppIcon;
				ASSETCATALOG_COMPILER_GLOBAL_ACCENT_COLOR_NAME = AccentColor;
				CODE_SIGN_ENTITLEMENTS = macOS/macOS.entitlements;
				CODE_SIGN_STYLE = Automatic;
				COMBINE_HIDPI_IMAGES = YES;
				DEVELOPMENT_TEAM = U43D64A3HX;
				ENABLE_HARDENED_RUNTIME = YES;
				ENABLE_PREVIEWS = YES;
				INFOPLIST_FILE = macOS/Info.plist;
				LD_RUNPATH_SEARCH_PATHS = (
					"$(inherited)",
					"@executable_path/../Frameworks",
				);
				MACOSX_DEPLOYMENT_TARGET = 11.0;
				PRODUCT_BUNDLE_IDENTIFIER = "fr.stud-ios.lesBasiques";
				PRODUCT_NAME = lesBasiques;
				SDKROOT = macosx;
				SWIFT_VERSION = 5.0;
			};
			name = Release;
		};
/* End XCBuildConfiguration section */

/* Begin XCConfigurationList section */
		ACAC4237258542F000CB43C1 /* Build configuration list for PBXProject "lesBasiques" */ = {
			isa = XCConfigurationList;
			buildConfigurations = (
				ACAC4252258542F400CB43C1 /* Debug */,
				ACAC4253258542F400CB43C1 /* Release */,
			);
			defaultConfigurationIsVisible = 0;
			defaultConfigurationName = Release;
		};
		ACAC4254258542F400CB43C1 /* Build configuration list for PBXNativeTarget "lesBasiques (iOS)" */ = {
			isa = XCConfigurationList;
			buildConfigurations = (
				ACAC4255258542F400CB43C1 /* Debug */,
				ACAC4256258542F400CB43C1 /* Release */,
			);
			defaultConfigurationIsVisible = 0;
			defaultConfigurationName = Release;
		};
		ACAC4257258542F400CB43C1 /* Build configuration list for PBXNativeTarget "lesBasiques (macOS)" */ = {
			isa = XCConfigurationList;
			buildConfigurations = (
				ACAC4258258542F400CB43C1 /* Debug */,
				ACAC4259258542F400CB43C1 /* Release */,
			);
			defaultConfigurationIsVisible = 0;
			defaultConfigurationName = Release;
		};
/* End XCConfigurationList section */
	};
	rootObject = ACAC4234258542F000CB43C1 /* Project object */;
}
